// !$*UTF8*$!
{
	archiveVersion = 1;
	classes = {
	};
	objectVersion = 46;
	objects = {

/* Begin PBXBuildFile section */
		15529B9E1D2C9230007208F4 /* MediaFullScreenViewController.m in Sources */ = {isa = PBXBuildFile; fileRef = 15529B9D1D2C9230007208F4 /* MediaFullScreenViewController.m */; };
		15DB563F1D202C0700D71338 /* main.m in Sources */ = {isa = PBXBuildFile; fileRef = 15DB563E1D202C0700D71338 /* main.m */; };
		15DB56421D202C0700D71338 /* AppDelegate.m in Sources */ = {isa = PBXBuildFile; fileRef = 15DB56411D202C0700D71338 /* AppDelegate.m */; };
		15DB564A1D202C0700D71338 /* Assets.xcassets in Resources */ = {isa = PBXBuildFile; fileRef = 15DB56491D202C0700D71338 /* Assets.xcassets */; };
		15DB564D1D202C0700D71338 /* LaunchScreen.storyboard in Resources */ = {isa = PBXBuildFile; fileRef = 15DB564B1D202C0700D71338 /* LaunchScreen.storyboard */; };
		15DB566B1D20314D00D71338 /* 1.jpg in Resources */ = {isa = PBXBuildFile; fileRef = 15DB566A1D20314D00D71338 /* 1.jpg */; };
		15DB56751D20315C00D71338 /* 2.jpg in Resources */ = {isa = PBXBuildFile; fileRef = 15DB566C1D20315C00D71338 /* 2.jpg */; };
		15DB56761D20315C00D71338 /* 3.jpg in Resources */ = {isa = PBXBuildFile; fileRef = 15DB566D1D20315C00D71338 /* 3.jpg */; };
		15DB56771D20315C00D71338 /* 4.jpg in Resources */ = {isa = PBXBuildFile; fileRef = 15DB566E1D20315C00D71338 /* 4.jpg */; };
		15DB56781D20315C00D71338 /* 5.jpg in Resources */ = {isa = PBXBuildFile; fileRef = 15DB566F1D20315C00D71338 /* 5.jpg */; };
		15DB56791D20315C00D71338 /* 6.jpg in Resources */ = {isa = PBXBuildFile; fileRef = 15DB56701D20315C00D71338 /* 6.jpg */; };
		15DB567A1D20315C00D71338 /* 7.jpg in Resources */ = {isa = PBXBuildFile; fileRef = 15DB56711D20315C00D71338 /* 7.jpg */; };
		15DB567B1D20315C00D71338 /* 8.jpg in Resources */ = {isa = PBXBuildFile; fileRef = 15DB56721D20315C00D71338 /* 8.jpg */; };
		15DB567C1D20315C00D71338 /* 9.jpg in Resources */ = {isa = PBXBuildFile; fileRef = 15DB56731D20315C00D71338 /* 9.jpg */; };
		15DB567D1D20315C00D71338 /* 10.jpg in Resources */ = {isa = PBXBuildFile; fileRef = 15DB56741D20315C00D71338 /* 10.jpg */; };
		15DB56801D2031E300D71338 /* ImagesTableViewController.m in Sources */ = {isa = PBXBuildFile; fileRef = 15DB567F1D2031E300D71338 /* ImagesTableViewController.m */; };
		15DB56831D219BBB00D71338 /* User.m in Sources */ = {isa = PBXBuildFile; fileRef = 15DB56821D219BBB00D71338 /* User.m */; };
		15DB56861D219C7400D71338 /* Media.m in Sources */ = {isa = PBXBuildFile; fileRef = 15DB56851D219C7400D71338 /* Media.m */; };
		15DB56891D219D0F00D71338 /* Comment.m in Sources */ = {isa = PBXBuildFile; fileRef = 15DB56881D219D0F00D71338 /* Comment.m */; };
		15DB568C1D21A31400D71338 /* DataSource.m in Sources */ = {isa = PBXBuildFile; fileRef = 15DB568B1D21A31400D71338 /* DataSource.m */; };
		15DB568F1D22D6E700D71338 /* MediaTableViewCell.m in Sources */ = {isa = PBXBuildFile; fileRef = 15DB568E1D22D6E700D71338 /* MediaTableViewCell.m */; };
		15DB56921D25830800D71338 /* LoginViewController.m in Sources */ = {isa = PBXBuildFile; fileRef = 15DB56911D25830800D71338 /* LoginViewController.m */; };
		1A2C738B6E7EC325D89488AC /* libPods-Blocstagram.a in Frameworks */ = {isa = PBXBuildFile; fileRef = 0F18D253FDF77030BA65DFE1 /* libPods-Blocstagram.a */; };
/* End PBXBuildFile section */

/* Begin PBXFileReference section */
		0F18D253FDF77030BA65DFE1 /* libPods-Blocstagram.a */ = {isa = PBXFileReference; explicitFileType = archive.ar; includeInIndex = 0; path = "libPods-Blocstagram.a"; sourceTree = BUILT_PRODUCTS_DIR; };
		15529B9C1D2C9230007208F4 /* MediaFullScreenViewController.h */ = {isa = PBXFileReference; fileEncoding = 4; lastKnownFileType = sourcecode.c.h; path = MediaFullScreenViewController.h; sourceTree = "<group>"; };
		15529B9D1D2C9230007208F4 /* MediaFullScreenViewController.m */ = {isa = PBXFileReference; fileEncoding = 4; lastKnownFileType = sourcecode.c.objc; path = MediaFullScreenViewController.m; sourceTree = "<group>"; };
		15DB563A1D202C0700D71338 /* Blocstagram.app */ = {isa = PBXFileReference; explicitFileType = wrapper.application; includeInIndex = 0; path = Blocstagram.app; sourceTree = BUILT_PRODUCTS_DIR; };
		15DB563E1D202C0700D71338 /* main.m */ = {isa = PBXFileReference; lastKnownFileType = sourcecode.c.objc; path = main.m; sourceTree = "<group>"; };
		15DB56401D202C0700D71338 /* AppDelegate.h */ = {isa = PBXFileReference; lastKnownFileType = sourcecode.c.h; path = AppDelegate.h; sourceTree = "<group>"; };
		15DB56411D202C0700D71338 /* AppDelegate.m */ = {isa = PBXFileReference; lastKnownFileType = sourcecode.c.objc; path = AppDelegate.m; sourceTree = "<group>"; };
		15DB56491D202C0700D71338 /* Assets.xcassets */ = {isa = PBXFileReference; lastKnownFileType = folder.assetcatalog; path = Assets.xcassets; sourceTree = "<group>"; };
		15DB564C1D202C0700D71338 /* Base */ = {isa = PBXFileReference; lastKnownFileType = file.storyboard; name = Base; path = Base.lproj/LaunchScreen.storyboard; sourceTree = "<group>"; };
		15DB564E1D202C0700D71338 /* Info.plist */ = {isa = PBXFileReference; lastKnownFileType = text.plist.xml; path = Info.plist; sourceTree = "<group>"; };
		15DB566A1D20314D00D71338 /* 1.jpg */ = {isa = PBXFileReference; lastKnownFileType = image.jpeg; path = 1.jpg; sourceTree = "<group>"; };
		15DB566C1D20315C00D71338 /* 2.jpg */ = {isa = PBXFileReference; lastKnownFileType = image.jpeg; path = 2.jpg; sourceTree = "<group>"; };
		15DB566D1D20315C00D71338 /* 3.jpg */ = {isa = PBXFileReference; lastKnownFileType = image.jpeg; path = 3.jpg; sourceTree = "<group>"; };
		15DB566E1D20315C00D71338 /* 4.jpg */ = {isa = PBXFileReference; lastKnownFileType = image.jpeg; path = 4.jpg; sourceTree = "<group>"; };
		15DB566F1D20315C00D71338 /* 5.jpg */ = {isa = PBXFileReference; lastKnownFileType = image.jpeg; path = 5.jpg; sourceTree = "<group>"; };
		15DB56701D20315C00D71338 /* 6.jpg */ = {isa = PBXFileReference; lastKnownFileType = image.jpeg; path = 6.jpg; sourceTree = "<group>"; };
		15DB56711D20315C00D71338 /* 7.jpg */ = {isa = PBXFileReference; lastKnownFileType = image.jpeg; path = 7.jpg; sourceTree = "<group>"; };
		15DB56721D20315C00D71338 /* 8.jpg */ = {isa = PBXFileReference; lastKnownFileType = image.jpeg; path = 8.jpg; sourceTree = "<group>"; };
		15DB56731D20315C00D71338 /* 9.jpg */ = {isa = PBXFileReference; lastKnownFileType = image.jpeg; path = 9.jpg; sourceTree = "<group>"; };
		15DB56741D20315C00D71338 /* 10.jpg */ = {isa = PBXFileReference; lastKnownFileType = image.jpeg; path = 10.jpg; sourceTree = "<group>"; };
		15DB567E1D2031E300D71338 /* ImagesTableViewController.h */ = {isa = PBXFileReference; fileEncoding = 4; lastKnownFileType = sourcecode.c.h; path = ImagesTableViewController.h; sourceTree = "<group>"; };
		15DB567F1D2031E300D71338 /* ImagesTableViewController.m */ = {isa = PBXFileReference; fileEncoding = 4; lastKnownFileType = sourcecode.c.objc; path = ImagesTableViewController.m; sourceTree = "<group>"; };
		15DB56811D219BBB00D71338 /* User.h */ = {isa = PBXFileReference; fileEncoding = 4; lastKnownFileType = sourcecode.c.h; path = User.h; sourceTree = "<group>"; };
		15DB56821D219BBB00D71338 /* User.m */ = {isa = PBXFileReference; fileEncoding = 4; lastKnownFileType = sourcecode.c.objc; path = User.m; sourceTree = "<group>"; };
		15DB56841D219C7400D71338 /* Media.h */ = {isa = PBXFileReference; fileEncoding = 4; lastKnownFileType = sourcecode.c.h; path = Media.h; sourceTree = "<group>"; };
		15DB56851D219C7400D71338 /* Media.m */ = {isa = PBXFileReference; fileEncoding = 4; lastKnownFileType = sourcecode.c.objc; path = Media.m; sourceTree = "<group>"; };
		15DB56871D219D0F00D71338 /* Comment.h */ = {isa = PBXFileReference; fileEncoding = 4; lastKnownFileType = sourcecode.c.h; path = Comment.h; sourceTree = "<group>"; };
		15DB56881D219D0F00D71338 /* Comment.m */ = {isa = PBXFileReference; fileEncoding = 4; lastKnownFileType = sourcecode.c.objc; path = Comment.m; sourceTree = "<group>"; };
		15DB568A1D21A31400D71338 /* DataSource.h */ = {isa = PBXFileReference; fileEncoding = 4; lastKnownFileType = sourcecode.c.h; path = DataSource.h; sourceTree = "<group>"; };
		15DB568B1D21A31400D71338 /* DataSource.m */ = {isa = PBXFileReference; fileEncoding = 4; lastKnownFileType = sourcecode.c.objc; path = DataSource.m; sourceTree = "<group>"; };
		15DB568D1D22D6E700D71338 /* MediaTableViewCell.h */ = {isa = PBXFileReference; fileEncoding = 4; lastKnownFileType = sourcecode.c.h; path = MediaTableViewCell.h; sourceTree = "<group>"; };
		15DB568E1D22D6E700D71338 /* MediaTableViewCell.m */ = {isa = PBXFileReference; fileEncoding = 4; lastKnownFileType = sourcecode.c.objc; path = MediaTableViewCell.m; sourceTree = "<group>"; };
		15DB56901D25830800D71338 /* LoginViewController.h */ = {isa = PBXFileReference; fileEncoding = 4; lastKnownFileType = sourcecode.c.h; path = LoginViewController.h; sourceTree = "<group>"; };
		15DB56911D25830800D71338 /* LoginViewController.m */ = {isa = PBXFileReference; fileEncoding = 4; lastKnownFileType = sourcecode.c.objc; path = LoginViewController.m; sourceTree = "<group>"; };
		EFBD67D99C0C952FAE8E33FF /* Pods-Blocstagram.release.xcconfig */ = {isa = PBXFileReference; includeInIndex = 1; lastKnownFileType = text.xcconfig; name = "Pods-Blocstagram.release.xcconfig"; path = "../Pods/Target Support Files/Pods-Blocstagram/Pods-Blocstagram.release.xcconfig"; sourceTree = "<group>"; };
		FB488E22CA9C32C89CD1EC45 /* Pods-Blocstagram.debug.xcconfig */ = {isa = PBXFileReference; includeInIndex = 1; lastKnownFileType = text.xcconfig; name = "Pods-Blocstagram.debug.xcconfig"; path = "../Pods/Target Support Files/Pods-Blocstagram/Pods-Blocstagram.debug.xcconfig"; sourceTree = "<group>"; };
/* End PBXFileReference section */

/* Begin PBXFrameworksBuildPhase section */
		15DB56371D202C0700D71338 /* Frameworks */ = {
			isa = PBXFrameworksBuildPhase;
			buildActionMask = 2147483647;
			files = (
				1A2C738B6E7EC325D89488AC /* libPods-Blocstagram.a in Frameworks */,
			);
			runOnlyForDeploymentPostprocessing = 0;
		};
/* End PBXFrameworksBuildPhase section */

/* Begin PBXGroup section */
		15DB56311D202C0700D71338 = {
			isa = PBXGroup;
			children = (
				15DB563C1D202C0700D71338 /* Blocstagram */,
				15DB563B1D202C0700D71338 /* Products */,
				3BDD5FF2D6428639B44EDC2C /* Pods */,
				1AF392644047E8C5681C1B15 /* Frameworks */,
			);
			sourceTree = "<group>";
		};
		15DB563B1D202C0700D71338 /* Products */ = {
			isa = PBXGroup;
			children = (
				15DB563A1D202C0700D71338 /* Blocstagram.app */,
			);
			name = Products;
			sourceTree = "<group>";
		};
		15DB563C1D202C0700D71338 /* Blocstagram */ = {
			isa = PBXGroup;
			children = (
				15DB56691D202F6800D71338 /* Images */,
				15DB56401D202C0700D71338 /* AppDelegate.h */,
				15DB56411D202C0700D71338 /* AppDelegate.m */,
				15DB567E1D2031E300D71338 /* ImagesTableViewController.h */,
				15DB567F1D2031E300D71338 /* ImagesTableViewController.m */,
				15DB568D1D22D6E700D71338 /* MediaTableViewCell.h */,
				15DB568E1D22D6E700D71338 /* MediaTableViewCell.m */,
				15529B9C1D2C9230007208F4 /* MediaFullScreenViewController.h */,
				15529B9D1D2C9230007208F4 /* MediaFullScreenViewController.m */,
				15DB56811D219BBB00D71338 /* User.h */,
				15DB56821D219BBB00D71338 /* User.m */,
				15DB56841D219C7400D71338 /* Media.h */,
				15DB56851D219C7400D71338 /* Media.m */,
				15DB56871D219D0F00D71338 /* Comment.h */,
				15DB56881D219D0F00D71338 /* Comment.m */,
				15DB568A1D21A31400D71338 /* DataSource.h */,
				15DB568B1D21A31400D71338 /* DataSource.m */,
				15DB56901D25830800D71338 /* LoginViewController.h */,
				15DB56911D25830800D71338 /* LoginViewController.m */,
				15DB56491D202C0700D71338 /* Assets.xcassets */,
				15DB564B1D202C0700D71338 /* LaunchScreen.storyboard */,
				15DB564E1D202C0700D71338 /* Info.plist */,
				15DB563D1D202C0700D71338 /* Supporting Files */,
			);
			path = Blocstagram;
			sourceTree = "<group>";
		};
		15DB563D1D202C0700D71338 /* Supporting Files */ = {
			isa = PBXGroup;
			children = (
				15DB563E1D202C0700D71338 /* main.m */,
			);
			name = "Supporting Files";
			sourceTree = "<group>";
		};
		15DB56691D202F6800D71338 /* Images */ = {
			isa = PBXGroup;
			children = (
				15DB566C1D20315C00D71338 /* 2.jpg */,
				15DB566D1D20315C00D71338 /* 3.jpg */,
				15DB566E1D20315C00D71338 /* 4.jpg */,
				15DB566F1D20315C00D71338 /* 5.jpg */,
				15DB56701D20315C00D71338 /* 6.jpg */,
				15DB56711D20315C00D71338 /* 7.jpg */,
				15DB56721D20315C00D71338 /* 8.jpg */,
				15DB56731D20315C00D71338 /* 9.jpg */,
				15DB56741D20315C00D71338 /* 10.jpg */,
				15DB566A1D20314D00D71338 /* 1.jpg */,
			);
			name = Images;
			sourceTree = "<group>";
		};
		1AF392644047E8C5681C1B15 /* Frameworks */ = {
			isa = PBXGroup;
			children = (
				0F18D253FDF77030BA65DFE1 /* libPods-Blocstagram.a */,
			);
			name = Frameworks;
			sourceTree = "<group>";
		};
		3BDD5FF2D6428639B44EDC2C /* Pods */ = {
			isa = PBXGroup;
			children = (
				FB488E22CA9C32C89CD1EC45 /* Pods-Blocstagram.debug.xcconfig */,
				EFBD67D99C0C952FAE8E33FF /* Pods-Blocstagram.release.xcconfig */,
			);
			name = Pods;
			sourceTree = "<group>";
		};
/* End PBXGroup section */

/* Begin PBXNativeTarget section */
		15DB56391D202C0700D71338 /* Blocstagram */ = {
			isa = PBXNativeTarget;
			buildConfigurationList = 15DB56511D202C0700D71338 /* Build configuration list for PBXNativeTarget "Blocstagram" */;
			buildPhases = (
				4E7564A93BF953F583B8F073 /* [CP] Check Pods Manifest.lock */,
				15DB56361D202C0700D71338 /* Sources */,
				15DB56371D202C0700D71338 /* Frameworks */,
				15DB56381D202C0700D71338 /* Resources */,
				986F290142626E9F0AA2532D /* [CP] Embed Pods Frameworks */,
				2CBCEEC42A9EE1AC26933D02 /* [CP] Copy Pods Resources */,
			);
			buildRules = (
			);
			dependencies = (
			);
			name = Blocstagram;
			productName = Blocstagram;
			productReference = 15DB563A1D202C0700D71338 /* Blocstagram.app */;
			productType = "com.apple.product-type.application";
		};
/* End PBXNativeTarget section */

/* Begin PBXProject section */
		15DB56321D202C0700D71338 /* Project object */ = {
			isa = PBXProject;
			attributes = {
				LastUpgradeCheck = 0730;
				ORGANIZATIONNAME = "Ryan Rizzo";
				TargetAttributes = {
					15DB56391D202C0700D71338 = {
						CreatedOnToolsVersion = 7.3.1;
						DevelopmentTeam = KF43BJY35N;
					};
				};
			};
			buildConfigurationList = 15DB56351D202C0700D71338 /* Build configuration list for PBXProject "Blocstagram" */;
			compatibilityVersion = "Xcode 3.2";
			developmentRegion = English;
			hasScannedForEncodings = 0;
			knownRegions = (
				en,
				Base,
			);
			mainGroup = 15DB56311D202C0700D71338;
			productRefGroup = 15DB563B1D202C0700D71338 /* Products */;
			projectDirPath = "";
			projectRoot = "";
			targets = (
				15DB56391D202C0700D71338 /* Blocstagram */,
			);
		};
/* End PBXProject section */

/* Begin PBXResourcesBuildPhase section */
		15DB56381D202C0700D71338 /* Resources */ = {
			isa = PBXResourcesBuildPhase;
			buildActionMask = 2147483647;
			files = (
				15DB567C1D20315C00D71338 /* 9.jpg in Resources */,
				15DB567B1D20315C00D71338 /* 8.jpg in Resources */,
				15DB56771D20315C00D71338 /* 4.jpg in Resources */,
				15DB56761D20315C00D71338 /* 3.jpg in Resources */,
				15DB56791D20315C00D71338 /* 6.jpg in Resources */,
				15DB566B1D20314D00D71338 /* 1.jpg in Resources */,
				15DB564D1D202C0700D71338 /* LaunchScreen.storyboard in Resources */,
				15DB56781D20315C00D71338 /* 5.jpg in Resources */,
				15DB567A1D20315C00D71338 /* 7.jpg in Resources */,
				15DB56751D20315C00D71338 /* 2.jpg in Resources */,
				15DB567D1D20315C00D71338 /* 10.jpg in Resources */,
				15DB564A1D202C0700D71338 /* Assets.xcassets in Resources */,
			);
			runOnlyForDeploymentPostprocessing = 0;
		};
/* End PBXResourcesBuildPhase section */

/* Begin PBXShellScriptBuildPhase section */
		2CBCEEC42A9EE1AC26933D02 /* [CP] Copy Pods Resources */ = {
			isa = PBXShellScriptBuildPhase;
			buildActionMask = 2147483647;
			files = (
			);
			inputPaths = (
			);
			name = "[CP] Copy Pods Resources";
			outputPaths = (
			);
			runOnlyForDeploymentPostprocessing = 0;
			shellPath = /bin/sh;
			shellScript = "\"${SRCROOT}/../Pods/Target Support Files/Pods-Blocstagram/Pods-Blocstagram-resources.sh\"\n";
			showEnvVarsInLog = 0;
		};
		4E7564A93BF953F583B8F073 /* [CP] Check Pods Manifest.lock */ = {
			isa = PBXShellScriptBuildPhase;
			buildActionMask = 2147483647;
			files = (
			);
			inputPaths = (
			);
			name = "[CP] Check Pods Manifest.lock";
			outputPaths = (
			);
			runOnlyForDeploymentPostprocessing = 0;
			shellPath = /bin/sh;
			shellScript = "diff \"${PODS_ROOT}/../Podfile.lock\" \"${PODS_ROOT}/Manifest.lock\" > /dev/null\nif [[ $? != 0 ]] ; then\n    cat << EOM\nerror: The sandbox is not in sync with the Podfile.lock. Run 'pod install' or update your CocoaPods installation.\nEOM\n    exit 1\nfi\n";
			showEnvVarsInLog = 0;
		};
		986F290142626E9F0AA2532D /* [CP] Embed Pods Frameworks */ = {
			isa = PBXShellScriptBuildPhase;
			buildActionMask = 2147483647;
			files = (
			);
			inputPaths = (
			);
			name = "[CP] Embed Pods Frameworks";
			outputPaths = (
			);
			runOnlyForDeploymentPostprocessing = 0;
			shellPath = /bin/sh;
			shellScript = "\"${SRCROOT}/../Pods/Target Support Files/Pods-Blocstagram/Pods-Blocstagram-frameworks.sh\"\n";
			showEnvVarsInLog = 0;
		};
/* End PBXShellScriptBuildPhase section */

/* Begin PBXSourcesBuildPhase section */
		15DB56361D202C0700D71338 /* Sources */ = {
			isa = PBXSourcesBuildPhase;
			buildActionMask = 2147483647;
			files = (
				15529B9E1D2C9230007208F4 /* MediaFullScreenViewController.m in Sources */,
				15DB56831D219BBB00D71338 /* User.m in Sources */,
				15DB56891D219D0F00D71338 /* Comment.m in Sources */,
				15DB568F1D22D6E700D71338 /* MediaTableViewCell.m in Sources */,
				15DB56861D219C7400D71338 /* Media.m in Sources */,
				15DB56421D202C0700D71338 /* AppDelegate.m in Sources */,
				15DB56921D25830800D71338 /* LoginViewController.m in Sources */,
				15DB568C1D21A31400D71338 /* DataSource.m in Sources */,
				15DB563F1D202C0700D71338 /* main.m in Sources */,
				15DB56801D2031E300D71338 /* ImagesTableViewController.m in Sources */,
			);
			runOnlyForDeploymentPostprocessing = 0;
		};
/* End PBXSourcesBuildPhase section */

/* Begin PBXVariantGroup section */
		15DB564B1D202C0700D71338 /* LaunchScreen.storyboard */ = {
			isa = PBXVariantGroup;
			children = (
				15DB564C1D202C0700D71338 /* Base */,
			);
			name = LaunchScreen.storyboard;
			sourceTree = "<group>";
		};
/* End PBXVariantGroup section */

/* Begin XCBuildConfiguration section */
		15DB564F1D202C0700D71338 /* Debug */ = {
			isa = XCBuildConfiguration;
			buildSettings = {
				ALWAYS_SEARCH_USER_PATHS = NO;
				CLANG_ANALYZER_NONNULL = YES;
				CLANG_CXX_LANGUAGE_STANDARD = "gnu++0x";
				CLANG_CXX_LIBRARY = "libc++";
				CLANG_ENABLE_MODULES = YES;
				CLANG_ENABLE_OBJC_ARC = YES;
				CLANG_WARN_BOOL_CONVERSION = YES;
				CLANG_WARN_CONSTANT_CONVERSION = YES;
				CLANG_WARN_DIRECT_OBJC_ISA_USAGE = YES_ERROR;
				CLANG_WARN_EMPTY_BODY = YES;
				CLANG_WARN_ENUM_CONVERSION = YES;
				CLANG_WARN_INT_CONVERSION = YES;
				CLANG_WARN_OBJC_ROOT_CLASS = YES_ERROR;
				CLANG_WARN_UNREACHABLE_CODE = YES;
				CLANG_WARN__DUPLICATE_METHOD_MATCH = YES;
				"CODE_SIGN_IDENTITY[sdk=iphoneos*]" = "iPhone Developer";
				COPY_PHASE_STRIP = NO;
				DEBUG_INFORMATION_FORMAT = dwarf;
				ENABLE_STRICT_OBJC_MSGSEND = YES;
				ENABLE_TESTABILITY = YES;
				GCC_C_LANGUAGE_STANDARD = gnu99;
				GCC_DYNAMIC_NO_PIC = NO;
				GCC_NO_COMMON_BLOCKS = YES;
				GCC_OPTIMIZATION_LEVEL = 0;
				GCC_PREPROCESSOR_DEFINITIONS = (
					"DEBUG=1",
					"$(inherited)",
				);
				GCC_WARN_64_TO_32_BIT_CONVERSION = YES;
				GCC_WARN_ABOUT_RETURN_TYPE = YES_ERROR;
				GCC_WARN_UNDECLARED_SELECTOR = YES;
				GCC_WARN_UNINITIALIZED_AUTOS = YES_AGGRESSIVE;
				GCC_WARN_UNUSED_FUNCTION = YES;
				GCC_WARN_UNUSED_VARIABLE = YES;
				IPHONEOS_DEPLOYMENT_TARGET = 9.3;
				MTL_ENABLE_DEBUG_INFO = YES;
				ONLY_ACTIVE_ARCH = YES;
				SDKROOT = iphoneos;
				TARGETED_DEVICE_FAMILY = "1,2";
			};
			name = Debug;
		};
		15DB56501D202C0700D71338 /* Release */ = {
			isa = XCBuildConfiguration;
			buildSettings = {
				ALWAYS_SEARCH_USER_PATHS = NO;
				CLANG_ANALYZER_NONNULL = YES;
				CLANG_CXX_LANGUAGE_STANDARD = "gnu++0x";
				CLANG_CXX_LIBRARY = "libc++";
				CLANG_ENABLE_MODULES = YES;
				CLANG_ENABLE_OBJC_ARC = YES;
				CLANG_WARN_BOOL_CONVERSION = YES;
				CLANG_WARN_CONSTANT_CONVERSION = YES;
				CLANG_WARN_DIRECT_OBJC_ISA_USAGE = YES_ERROR;
				CLANG_WARN_EMPTY_BODY = YES;
				CLANG_WARN_ENUM_CONVERSION = YES;
				CLANG_WARN_INT_CONVERSION = YES;
				CLANG_WARN_OBJC_ROOT_CLASS = YES_ERROR;
				CLANG_WARN_UNREACHABLE_CODE = YES;
				CLANG_WARN__DUPLICATE_METHOD_MATCH = YES;
				"CODE_SIGN_IDENTITY[sdk=iphoneos*]" = "iPhone Developer";
				COPY_PHASE_STRIP = NO;
				DEBUG_INFORMATION_FORMAT = "dwarf-with-dsym";
				ENABLE_NS_ASSERTIONS = NO;
				ENABLE_STRICT_OBJC_MSGSEND = YES;
				GCC_C_LANGUAGE_STANDARD = gnu99;
				GCC_NO_COMMON_BLOCKS = YES;
				GCC_WARN_64_TO_32_BIT_CONVERSION = YES;
				GCC_WARN_ABOUT_RETURN_TYPE = YES_ERROR;
				GCC_WARN_UNDECLARED_SELECTOR = YES;
				GCC_WARN_UNINITIALIZED_AUTOS = YES_AGGRESSIVE;
				GCC_WARN_UNUSED_FUNCTION = YES;
				GCC_WARN_UNUSED_VARIABLE = YES;
				IPHONEOS_DEPLOYMENT_TARGET = 9.3;
				MTL_ENABLE_DEBUG_INFO = NO;
				SDKROOT = iphoneos;
				TARGETED_DEVICE_FAMILY = "1,2";
				VALIDATE_PRODUCT = YES;
			};
			name = Release;
		};
		15DB56521D202C0700D71338 /* Debug */ = {
			isa = XCBuildConfiguration;
			baseConfigurationReference = FB488E22CA9C32C89CD1EC45 /* Pods-Blocstagram.debug.xcconfig */;
			buildSettings = {
				ASSETCATALOG_COMPILER_APPICON_NAME = AppIcon;
				CODE_SIGN_IDENTITY = "iPhone Developer";
				"CODE_SIGN_IDENTITY[sdk=iphoneos*]" = "iPhone Developer";
				INFOPLIST_FILE = Blocstagram/Info.plist;
				LD_RUNPATH_SEARCH_PATHS = "$(inherited) @executable_path/Frameworks";
				PRODUCT_BUNDLE_IDENTIFIER = com.ryanrizzo.Blocstagram;
				PRODUCT_NAME = "$(TARGET_NAME)";
				PROVISIONING_PROFILE = "";
			};
			name = Debug;
		};
		15DB56531D202C0700D71338 /* Release */ = {
			isa = XCBuildConfiguration;
			baseConfigurationReference = EFBD67D99C0C952FAE8E33FF /* Pods-Blocstagram.release.xcconfig */;
			buildSettings = {
				ASSETCATALOG_COMPILER_APPICON_NAME = AppIcon;
				CODE_SIGN_IDENTITY = "iPhone Developer";
				"CODE_SIGN_IDENTITY[sdk=iphoneos*]" = "iPhone Developer";
				INFOPLIST_FILE = Blocstagram/Info.plist;
				LD_RUNPATH_SEARCH_PATHS = "$(inherited) @executable_path/Frameworks";
				PRODUCT_BUNDLE_IDENTIFIER = com.ryanrizzo.Blocstagram;
				PRODUCT_NAME = "$(TARGET_NAME)";
				PROVISIONING_PROFILE = "";
			};
			name = Release;
		};
/* End XCBuildConfiguration section */

/* Begin XCConfigurationList section */
		15DB56351D202C0700D71338 /* Build configuration list for PBXProject "Blocstagram" */ = {
			isa = XCConfigurationList;
			buildConfigurations = (
				15DB564F1D202C0700D71338 /* Debug */,
				15DB56501D202C0700D71338 /* Release */,
			);
			defaultConfigurationIsVisible = 0;
			defaultConfigurationName = Release;
		};
		15DB56511D202C0700D71338 /* Build configuration list for PBXNativeTarget "Blocstagram" */ = {
			isa = XCConfigurationList;
			buildConfigurations = (
				15DB56521D202C0700D71338 /* Debug */,
				15DB56531D202C0700D71338 /* Release */,
			);
			defaultConfigurationIsVisible = 0;
			defaultConfigurationName = Release;
		};
/* End XCConfigurationList section */
	};
	rootObject = 15DB56321D202C0700D71338 /* Project object */;
}
